
Microsoft Visual Studio Solution File, Format Version 12.00
# Visual Studio Version 16
VisualStudioVersion = 16.0.30204.135
MinimumVisualStudioVersion = 10.0.40219.1
Project("{FAE04EC0-301F-11D3-BF4B-00C04F79EFBC}") = "Laborator 3 BDML", "Laborator 3 BDML\Laborator 3 BDML.csproj", "{CC448CE7-D0F7-4720-9A71-5E61EC2368DB}"
EndProject
Global
	GlobalSection(SolutionConfigurationPlatforms) = preSolution
		Debug|Any CPU = Debug|Any CPU
		Release|Any CPU = Release|Any CPU
	EndGlobalSection
	GlobalSection(ProjectConfigurationPlatforms) = postSolution
		{CC448CE7-D0F7-4720-9A71-5E61EC2368DB}.Debug|Any CPU.ActiveCfg = Debug|Any CPU
		{CC448CE7-D0F7-4720-9A71-5E61EC2368DB}.Debug|Any CPU.Build.0 = Debug|Any CPU
		{CC448CE7-D0F7-4720-9A71-5E61EC2368DB}.Release|Any CPU.ActiveCfg = Release|Any CPU
		{CC448CE7-D0F7-4720-9A71-5E61EC2368DB}.Release|Any CPU.Build.0 = Release|Any CPU
	EndGlobalSection
	GlobalSection(SolutionProperties) = preSolution
		HideSolutionNode = FALSE
	EndGlobalSection
	GlobalSection(ExtensibilityGlobals) = postSolution
		SolutionGuid = {90FE954A-8EE9-46C5-8330-912954A25CB5}
	EndGlobalSection
EndGlobal
